// !$*UTF8*$!
{
	archiveVersion = 1;
	classes = {
	};
	objectVersion = 46;
	objects = {

/* Begin PBXBuildFile section */
		95827DFA1F5FA7C100D49D08 /* AppDelegate.swift in Sources */ = {isa = PBXBuildFile; fileRef = 95827DF91F5FA7C100D49D08 /* AppDelegate.swift */; };
		95827DFC1F5FA7C100D49D08 /* ViewController.swift in Sources */ = {isa = PBXBuildFile; fileRef = 95827DFB1F5FA7C100D49D08 /* ViewController.swift */; };
		95827DFF1F5FA7C100D49D08 /* Main.storyboard in Resources */ = {isa = PBXBuildFile; fileRef = 95827DFD1F5FA7C100D49D08 /* Main.storyboard */; };
		95827E011F5FA7C100D49D08 /* Assets.xcassets in Resources */ = {isa = PBXBuildFile; fileRef = 95827E001F5FA7C100D49D08 /* Assets.xcassets */; };
		95827E041F5FA7C100D49D08 /* LaunchScreen.storyboard in Resources */ = {isa = PBXBuildFile; fileRef = 95827E021F5FA7C100D49D08 /* LaunchScreen.storyboard */; };
		95827E0F1F5FA7C100D49D08 /* multiViewControllersTests.swift in Sources */ = {isa = PBXBuildFile; fileRef = 95827E0E1F5FA7C100D49D08 /* multiViewControllersTests.swift */; };
		95827E1A1F5FA7C100D49D08 /* multiViewControllersUITests.swift in Sources */ = {isa = PBXBuildFile; fileRef = 95827E191F5FA7C100D49D08 /* multiViewControllersUITests.swift */; };
		95827E281F5FA82B00D49D08 /* SecondViewController.swift in Sources */ = {isa = PBXBuildFile; fileRef = 95827E271F5FA82B00D49D08 /* SecondViewController.swift */; };
/* End PBXBuildFile section */

/* Begin PBXContainerItemProxy section */
		95827E0B1F5FA7C100D49D08 /* PBXContainerItemProxy */ = {
			isa = PBXContainerItemProxy;
			containerPortal = 95827DEE1F5FA7C100D49D08 /* Project object */;
			proxyType = 1;
			remoteGlobalIDString = 95827DF51F5FA7C100D49D08;
			remoteInfo = multiViewControllers;
		};
		95827E161F5FA7C100D49D08 /* PBXContainerItemProxy */ = {
			isa = PBXContainerItemProxy;
			containerPortal = 95827DEE1F5FA7C100D49D08 /* Project object */;
			proxyType = 1;
			remoteGlobalIDString = 95827DF51F5FA7C100D49D08;
			remoteInfo = multiViewControllers;
		};
/* End PBXContainerItemProxy section */

/* Begin PBXFileReference section */
		95827DF61F5FA7C100D49D08 /* multiViewControllers.app */ = {isa = PBXFileReference; explicitFileType = wrapper.application; includeInIndex = 0; path = multiViewControllers.app; sourceTree = BUILT_PRODUCTS_DIR; };
		95827DF91F5FA7C100D49D08 /* AppDelegate.swift */ = {isa = PBXFileReference; lastKnownFileType = sourcecode.swift; path = AppDelegate.swift; sourceTree = "<group>"; };
		95827DFB1F5FA7C100D49D08 /* ViewController.swift */ = {isa = PBXFileReference; lastKnownFileType = sourcecode.swift; path = ViewController.swift; sourceTree = "<group>"; };
		95827DFE1F5FA7C100D49D08 /* Base */ = {isa = PBXFileReference; lastKnownFileType = file.storyboard; name = Base; path = Base.lproj/Main.storyboard; sourceTree = "<group>"; };
		95827E001F5FA7C100D49D08 /* Assets.xcassets */ = {isa = PBXFileReference; lastKnownFileType = folder.assetcatalog; path = Assets.xcassets; sourceTree = "<group>"; };
		95827E031F5FA7C100D49D08 /* Base */ = {isa = PBXFileReference; lastKnownFileType = file.storyboard; name = Base; path = Base.lproj/LaunchScreen.storyboard; sourceTree = "<group>"; };
		95827E051F5FA7C100D49D08 /* Info.plist */ = {isa = PBXFileReference; lastKnownFileType = text.plist.xml; path = Info.plist; sourceTree = "<group>"; };
		95827E0A1F5FA7C100D49D08 /* multiViewControllersTests.xctest */ = {isa = PBXFileReference; explicitFileType = wrapper.cfbundle; includeInIndex = 0; path = multiViewControllersTests.xctest; sourceTree = BUILT_PRODUCTS_DIR; };
		95827E0E1F5FA7C100D49D08 /* multiViewControllersTests.swift */ = {isa = PBXFileReference; lastKnownFileType = sourcecode.swift; path = multiViewControllersTests.swift; sourceTree = "<group>"; };
		95827E101F5FA7C100D49D08 /* Info.plist */ = {isa = PBXFileReference; lastKnownFileType = text.plist.xml; path = Info.plist; sourceTree = "<group>"; };
		95827E151F5FA7C100D49D08 /* multiViewControllersUITests.xctest */ = {isa = PBXFileReference; explicitFileType = wrapper.cfbundle; includeInIndex = 0; path = multiViewControllersUITests.xctest; sourceTree = BUILT_PRODUCTS_DIR; };
		95827E191F5FA7C100D49D08 /* multiViewControllersUITests.swift */ = {isa = PBXFileReference; lastKnownFileType = sourcecode.swift; path = multiViewControllersUITests.swift; sourceTree = "<group>"; };
		95827E1B1F5FA7C100D49D08 /* Info.plist */ = {isa = PBXFileReference; lastKnownFileType = text.plist.xml; path = Info.plist; sourceTree = "<group>"; };
		95827E271F5FA82B00D49D08 /* SecondViewController.swift */ = {isa = PBXFileReference; fileEncoding = 4; lastKnownFileType = sourcecode.swift; path = SecondViewController.swift; sourceTree = "<group>"; };
/* End PBXFileReference section */

/* Begin PBXFrameworksBuildPhase section */
		95827DF31F5FA7C100D49D08 /* Frameworks */ = {
			isa = PBXFrameworksBuildPhase;
			buildActionMask = 2147483647;
			files = (
			);
			runOnlyForDeploymentPostprocessing = 0;
		};
		95827E071F5FA7C100D49D08 /* Frameworks */ = {
			isa = PBXFrameworksBuildPhase;
			buildActionMask = 2147483647;
			files = (
			);
			runOnlyForDeploymentPostprocessing = 0;
		};
		95827E121F5FA7C100D49D08 /* Frameworks */ = {
			isa = PBXFrameworksBuildPhase;
			buildActionMask = 2147483647;
			files = (
			);
			runOnlyForDeploymentPostprocessing = 0;
		};
/* End PBXFrameworksBuildPhase section */

/* Begin PBXGroup section */
		95827DED1F5FA7C100D49D08 = {
			isa = PBXGroup;
			children = (
				95827DF81F5FA7C100D49D08 /* multiViewControllers */,
				95827E0D1F5FA7C100D49D08 /* multiViewControllersTests */,
				95827E181F5FA7C100D49D08 /* multiViewControllersUITests */,
				95827DF71F5FA7C100D49D08 /* Products */,
			);
			sourceTree = "<group>";
		};
		95827DF71F5FA7C100D49D08 /* Products */ = {
			isa = PBXGroup;
			children = (
				95827DF61F5FA7C100D49D08 /* multiViewControllers.app */,
				95827E0A1F5FA7C100D49D08 /* multiViewControllersTests.xctest */,
				95827E151F5FA7C100D49D08 /* multiViewControllersUITests.xctest */,
			);
			name = Products;
			sourceTree = "<group>";
		};
		95827DF81F5FA7C100D49D08 /* multiViewControllers */ = {
			isa = PBXGroup;
			children = (
				95827DF91F5FA7C100D49D08 /* AppDelegate.swift */,
				95827DFB1F5FA7C100D49D08 /* ViewController.swift */,
				95827DFD1F5FA7C100D49D08 /* Main.storyboard */,
				95827E271F5FA82B00D49D08 /* SecondViewController.swift */,
				95827E001F5FA7C100D49D08 /* Assets.xcassets */,
				95827E021F5FA7C100D49D08 /* LaunchScreen.storyboard */,
				95827E051F5FA7C100D49D08 /* Info.plist */,
			);
			path = multiViewControllers;
			sourceTree = "<group>";
		};
		95827E0D1F5FA7C100D49D08 /* multiViewControllersTests */ = {
			isa = PBXGroup;
			children = (
				95827E0E1F5FA7C100D49D08 /* multiViewControllersTests.swift */,
				95827E101F5FA7C100D49D08 /* Info.plist */,
			);
			path = multiViewControllersTests;
			sourceTree = "<group>";
		};
		95827E181F5FA7C100D49D08 /* multiViewControllersUITests */ = {
			isa = PBXGroup;
			children = (
				95827E191F5FA7C100D49D08 /* multiViewControllersUITests.swift */,
				95827E1B1F5FA7C100D49D08 /* Info.plist */,
			);
			path = multiViewControllersUITests;
			sourceTree = "<group>";
		};
/* End PBXGroup section */

/* Begin PBXNativeTarget section */
		95827DF51F5FA7C100D49D08 /* multiViewControllers */ = {
			isa = PBXNativeTarget;
			buildConfigurationList = 95827E1E1F5FA7C100D49D08 /* Build configuration list for PBXNativeTarget "multiViewControllers" */;
			buildPhases = (
				95827DF21F5FA7C100D49D08 /* Sources */,
				95827DF31F5FA7C100D49D08 /* Frameworks */,
				95827DF41F5FA7C100D49D08 /* Resources */,
			);
			buildRules = (
			);
			dependencies = (
			);
			name = multiViewControllers;
			productName = multiViewControllers;
			productReference = 95827DF61F5FA7C100D49D08 /* multiViewControllers.app */;
			productType = "com.apple.product-type.application";
		};
		95827E091F5FA7C100D49D08 /* multiViewControllersTests */ = {
			isa = PBXNativeTarget;
			buildConfigurationList = 95827E211F5FA7C100D49D08 /* Build configuration list for PBXNativeTarget "multiViewControllersTests" */;
			buildPhases = (
				95827E061F5FA7C100D49D08 /* Sources */,
				95827E071F5FA7C100D49D08 /* Frameworks */,
				95827E081F5FA7C100D49D08 /* Resources */,
			);
			buildRules = (
			);
			dependencies = (
				95827E0C1F5FA7C100D49D08 /* PBXTargetDependency */,
			);
			name = multiViewControllersTests;
			productName = multiViewControllersTests;
			productReference = 95827E0A1F5FA7C100D49D08 /* multiViewControllersTests.xctest */;
			productType = "com.apple.product-type.bundle.unit-test";
		};
		95827E141F5FA7C100D49D08 /* multiViewControllersUITests */ = {
			isa = PBXNativeTarget;
			buildConfigurationList = 95827E241F5FA7C100D49D08 /* Build configuration list for PBXNativeTarget "multiViewControllersUITests" */;
			buildPhases = (
				95827E111F5FA7C100D49D08 /* Sources */,
				95827E121F5FA7C100D49D08 /* Frameworks */,
				95827E131F5FA7C100D49D08 /* Resources */,
			);
			buildRules = (
			);
			dependencies = (
				95827E171F5FA7C100D49D08 /* PBXTargetDependency */,
			);
			name = multiViewControllersUITests;
			productName = multiViewControllersUITests;
			productReference = 95827E151F5FA7C100D49D08 /* multiViewControllersUITests.xctest */;
			productType = "com.apple.product-type.bundle.ui-testing";
		};
/* End PBXNativeTarget section */

/* Begin PBXProject section */
		95827DEE1F5FA7C100D49D08 /* Project object */ = {
			isa = PBXProject;
			attributes = {
				LastSwiftUpdateCheck = 0830;
				LastUpgradeCheck = 0830;
				ORGANIZATIONNAME = "Ali Payne";
				TargetAttributes = {
					95827DF51F5FA7C100D49D08 = {
						CreatedOnToolsVersion = 8.3.3;
						DevelopmentTeam = 6K545KQZZG;
						ProvisioningStyle = Automatic;
					};
					95827E091F5FA7C100D49D08 = {
						CreatedOnToolsVersion = 8.3.3;
						DevelopmentTeam = 6K545KQZZG;
						ProvisioningStyle = Automatic;
						TestTargetID = 95827DF51F5FA7C100D49D08;
					};
					95827E141F5FA7C100D49D08 = {
						CreatedOnToolsVersion = 8.3.3;
						DevelopmentTeam = 6K545KQZZG;
						ProvisioningStyle = Automatic;
						TestTargetID = 95827DF51F5FA7C100D49D08;
					};
				};
			};
			buildConfigurationList = 95827DF11F5FA7C100D49D08 /* Build configuration list for PBXProject "multiViewControllers" */;
			compatibilityVersion = "Xcode 3.2";
			developmentRegion = English;
			hasScannedForEncodings = 0;
			knownRegions = (
				en,
				Base,
			);
			mainGroup = 95827DED1F5FA7C100D49D08;
			productRefGroup = 95827DF71F5FA7C100D49D08 /* Products */;
			projectDirPath = "";
			projectRoot = "";
			targets = (
				95827DF51F5FA7C100D49D08 /* multiViewControllers */,
				95827E091F5FA7C100D49D08 /* multiViewControllersTests */,
				95827E141F5FA7C100D49D08 /* multiViewControllersUITests */,
			);
		};
/* End PBXProject section */

/* Begin PBXResourcesBuildPhase section */
		95827DF41F5FA7C100D49D08 /* Resources */ = {
			isa = PBXResourcesBuildPhase;
			buildActionMask = 2147483647;
			files = (
				95827E041F5FA7C100D49D08 /* LaunchScreen.storyboard in Resources */,
				95827E011F5FA7C100D49D08 /* Assets.xcassets in Resources */,
				95827DFF1F5FA7C100D49D08 /* Main.storyboard in Resources */,
			);
			runOnlyForDeploymentPostprocessing = 0;
		};
		95827E081F5FA7C100D49D08 /* Resources */ = {
			isa = PBXResourcesBuildPhase;
			buildActionMask = 2147483647;
			files = (
			);
			runOnlyForDeploymentPostprocessing = 0;
		};
		95827E131F5FA7C100D49D08 /* Resources */ = {
			isa = PBXResourcesBuildPhase;
			buildActionMask = 2147483647;
			files = (
			);
			runOnlyForDeploymentPostprocessing = 0;
		};
/* End PBXResourcesBuildPhase section */

/* Begin PBXSourcesBuildPhase section */
		95827DF21F5FA7C100D49D08 /* Sources */ = {
			isa = PBXSourcesBuildPhase;
			buildActionMask = 2147483647;
			files = (
				95827E281F5FA82B00D49D08 /* SecondViewController.swift in Sources */,
				95827DFC1F5FA7C100D49D08 /* ViewController.swift in Sources */,
				95827DFA1F5FA7C100D49D08 /* AppDelegate.swift in Sources */,
			);
			runOnlyForDeploymentPostprocessing = 0;
		};
		95827E061F5FA7C100D49D08 /* Sources */ = {
			isa = PBXSourcesBuildPhase;
			buildActionMask = 2147483647;
			files = (
				95827E0F1F5FA7C100D49D08 /* multiViewControllersTests.swift in Sources */,
			);
			runOnlyForDeploymentPostprocessing = 0;
		};
		95827E111F5FA7C100D49D08 /* Sources */ = {
			isa = PBXSourcesBuildPhase;
			buildActionMask = 2147483647;
			files = (
				95827E1A1F5FA7C100D49D08 /* multiViewControllersUITests.swift in Sources */,
			);
			runOnlyForDeploymentPostprocessing = 0;
		};
/* End PBXSourcesBuildPhase section */

/* Begin PBXTargetDependency section */
		95827E0C1F5FA7C100D49D08 /* PBXTargetDependency */ = {
			isa = PBXTargetDependency;
			target = 95827DF51F5FA7C100D49D08 /* multiViewControllers */;
			targetProxy = 95827E0B1F5FA7C100D49D08 /* PBXContainerItemProxy */;
		};
		95827E171F5FA7C100D49D08 /* PBXTargetDependency */ = {
			isa = PBXTargetDependency;
			target = 95827DF51F5FA7C100D49D08 /* multiViewControllers */;
			targetProxy = 95827E161F5FA7C100D49D08 /* PBXContainerItemProxy */;
		};
/* End PBXTargetDependency section */

/* Begin PBXVariantGroup section */
		95827DFD1F5FA7C100D49D08 /* Main.storyboard */ = {
			isa = PBXVariantGroup;
			children = (
				95827DFE1F5FA7C100D49D08 /* Base */,
			);
			name = Main.storyboard;
			sourceTree = "<group>";
		};
		95827E021F5FA7C100D49D08 /* LaunchScreen.storyboard */ = {
			isa = PBXVariantGroup;
			children = (
				95827E031F5FA7C100D49D08 /* Base */,
			);
			name = LaunchScreen.storyboard;
			sourceTree = "<group>";
		};
/* End PBXVariantGroup section */

/* Begin XCBuildConfiguration section */
		95827E1C1F5FA7C100D49D08 /* Debug */ = {
			isa = XCBuildConfiguration;
			buildSettings = {
				ALWAYS_SEARCH_USER_PATHS = NO;
				CLANG_ANALYZER_NONNULL = YES;
				CLANG_ANALYZER_NUMBER_OBJECT_CONVERSION = YES_AGGRESSIVE;
				CLANG_CXX_LANGUAGE_STANDARD = "gnu++0x";
				CLANG_CXX_LIBRARY = "libc++";
				CLANG_ENABLE_MODULES = YES;
				CLANG_ENABLE_OBJC_ARC = YES;
				CLANG_WARN_BOOL_CONVERSION = YES;
				CLANG_WARN_CONSTANT_CONVERSION = YES;
				CLANG_WARN_DIRECT_OBJC_ISA_USAGE = YES_ERROR;
				CLANG_WARN_DOCUMENTATION_COMMENTS = YES;
				CLANG_WARN_EMPTY_BODY = YES;
				CLANG_WARN_ENUM_CONVERSION = YES;
				CLANG_WARN_INFINITE_RECURSION = YES;
				CLANG_WARN_INT_CONVERSION = YES;
				CLANG_WARN_OBJC_ROOT_CLASS = YES_ERROR;
				CLANG_WARN_SUSPICIOUS_MOVE = YES;
				CLANG_WARN_UNREACHABLE_CODE = YES;
				CLANG_WARN__DUPLICATE_METHOD_MATCH = YES;
				"CODE_SIGN_IDENTITY[sdk=iphoneos*]" = "iPhone Developer";
				COPY_PHASE_STRIP = NO;
				DEBUG_INFORMATION_FORMAT = dwarf;
				ENABLE_STRICT_OBJC_MSGSEND = YES;
				ENABLE_TESTABILITY = YES;
				GCC_C_LANGUAGE_STANDARD = gnu99;
				GCC_DYNAMIC_NO_PIC = NO;
				GCC_NO_COMMON_BLOCKS = YES;
				GCC_OPTIMIZATION_LEVEL = 0;
				GCC_PREPROCESSOR_DEFINITIONS = (
					"DEBUG=1",
					"$(inherited)",
				);
				GCC_WARN_64_TO_32_BIT_CONVERSION = YES;
				GCC_WARN_ABOUT_RETURN_TYPE = YES_ERROR;
				GCC_WARN_UNDECLARED_SELECTOR = YES;
				GCC_WARN_UNINITIALIZED_AUTOS = YES_AGGRESSIVE;
				GCC_WARN_UNUSED_FUNCTION = YES;
				GCC_WARN_UNUSED_VARIABLE = YES;
				IPHONEOS_DEPLOYMENT_TARGET = 10.3;
				MTL_ENABLE_DEBUG_INFO = YES;
				ONLY_ACTIVE_ARCH = YES;
				SDKROOT = iphoneos;
				SWIFT_ACTIVE_COMPILATION_CONDITIONS = DEBUG;
				SWIFT_OPTIMIZATION_LEVEL = "-Onone";
				TARGETED_DEVICE_FAMILY = "1,2";
			};
			name = Debug;
		};
		95827E1D1F5FA7C100D49D08 /* Release */ = {
			isa = XCBuildConfiguration;
			buildSettings = {
				ALWAYS_SEARCH_USER_PATHS = NO;
				CLANG_ANALYZER_NONNULL = YES;
				CLANG_ANALYZER_NUMBER_OBJECT_CONVERSION = YES_AGGRESSIVE;
				CLANG_CXX_LANGUAGE_STANDARD = "gnu++0x";
				CLANG_CXX_LIBRARY = "libc++";
				CLANG_ENABLE_MODULES = YES;
				CLANG_ENABLE_OBJC_ARC = YES;
				CLANG_WARN_BOOL_CONVERSION = YES;
				CLANG_WARN_CONSTANT_CONVERSION = YES;
				CLANG_WARN_DIRECT_OBJC_ISA_USAGE = YES_ERROR;
				CLANG_WARN_DOCUMENTATION_COMMENTS = YES;
				CLANG_WARN_EMPTY_BODY = YES;
				CLANG_WARN_ENUM_CONVERSION = YES;
				CLANG_WARN_INFINITE_RECURSION = YES;
				CLANG_WARN_INT_CONVERSION = YES;
				CLANG_WARN_OBJC_ROOT_CLASS = YES_ERROR;
				CLANG_WARN_SUSPICIOUS_MOVE = YES;
				CLANG_WARN_UNREACHABLE_CODE = YES;
				CLANG_WARN__DUPLICATE_METHOD_MATCH = YES;
				"CODE_SIGN_IDENTITY[sdk=iphoneos*]" = "iPhone Developer";
				COPY_PHASE_STRIP = NO;
				DEBUG_INFORMATION_FORMAT = "dwarf-with-dsym";
				ENABLE_NS_ASSERTIONS = NO;
				ENABLE_STRICT_OBJC_MSGSEND = YES;
				GCC_C_LANGUAGE_STANDARD = gnu99;
				GCC_NO_COMMON_BLOCKS = YES;
				GCC_WARN_64_TO_32_BIT_CONVERSION = YES;
				GCC_WARN_ABOUT_RETURN_TYPE = YES_ERROR;
				GCC_WARN_UNDECLARED_SELECTOR = YES;
				GCC_WARN_UNINITIALIZED_AUTOS = YES_AGGRESSIVE;
				GCC_WARN_UNUSED_FUNCTION = YES;
				GCC_WARN_UNUSED_VARIABLE = YES;
				IPHONEOS_DEPLOYMENT_TARGET = 10.3;
				MTL_ENABLE_DEBUG_INFO = NO;
				SDKROOT = iphoneos;
				SWIFT_OPTIMIZATION_LEVEL = "-Owholemodule";
				TARGETED_DEVICE_FAMILY = "1,2";
				VALIDATE_PRODUCT = YES;
			};
			name = Release;
		};
		95827E1F1F5FA7C100D49D08 /* Debug */ = {
			isa = XCBuildConfiguration;
			buildSettings = {
				ASSETCATALOG_COMPILER_APPICON_NAME = AppIcon;
				DEVELOPMENT_TEAM = 6K545KQZZG;
				INFOPLIST_FILE = multiViewControllers/Info.plist;
				LD_RUNPATH_SEARCH_PATHS = "$(inherited) @executable_path/Frameworks";
				PRODUCT_BUNDLE_IDENTIFIER = com.example123.multiViewControllers;
				PRODUCT_NAME = "$(TARGET_NAME)";
				SWIFT_VERSION = 3.0;
			};
			name = Debug;
		};
		95827E201F5FA7C100D49D08 /* Release */ = {
			isa = XCBuildConfiguration;
			buildSettings = {
				ASSETCATALOG_COMPILER_APPICON_NAME = AppIcon;
				DEVELOPMENT_TEAM = 6K545KQZZG;
				INFOPLIST_FILE = multiViewControllers/Info.plist;
				LD_RUNPATH_SEARCH_PATHS = "$(inherited) @executable_path/Frameworks";
				PRODUCT_BUNDLE_IDENTIFIER = com.example123.multiViewControllers;
				PRODUCT_NAME = "$(TARGET_NAME)";
				SWIFT_VERSION = 3.0;
			};
			name = Release;
		};
		95827E221F5FA7C100D49D08 /* Debug */ = {
			isa = XCBuildConfiguration;
			buildSettings = {
				ALWAYS_EMBED_SWIFT_STANDARD_LIBRARIES = YES;
				BUNDLE_LOADER = "$(TEST_HOST)";
				DEVELOPMENT_TEAM = 6K545KQZZG;
				INFOPLIST_FILE = multiViewControllersTests/Info.plist;
				LD_RUNPATH_SEARCH_PATHS = "$(inherited) @executable_path/Frameworks @loader_path/Frameworks";
				PRODUCT_BUNDLE_IDENTIFIER = com.example123.multiViewControllersTests;
				PRODUCT_NAME = "$(TARGET_NAME)";
				SWIFT_VERSION = 3.0;
				TEST_HOST = "$(BUILT_PRODUCTS_DIR)/multiViewControllers.app/multiViewControllers";
			};
			name = Debug;
		};
		95827E231F5FA7C100D49D08 /* Release */ = {
			isa = XCBuildConfiguration;
			buildSettings = {
				ALWAYS_EMBED_SWIFT_STANDARD_LIBRARIES = YES;
				BUNDLE_LOADER = "$(TEST_HOST)";
				DEVELOPMENT_TEAM = 6K545KQZZG;
				INFOPLIST_FILE = multiViewControllersTests/Info.plist;
				LD_RUNPATH_SEARCH_PATHS = "$(inherited) @executable_path/Frameworks @loader_path/Frameworks";
				PRODUCT_BUNDLE_IDENTIFIER = com.example123.multiViewControllersTests;
				PRODUCT_NAME = "$(TARGET_NAME)";
				SWIFT_VERSION = 3.0;
				TEST_HOST = "$(BUILT_PRODUCTS_DIR)/multiViewControllers.app/multiViewControllers";
			};
			name = Release;
		};
		95827E251F5FA7C100D49D08 /* Debug */ = {
			isa = XCBuildConfiguration;
			buildSettings = {
				ALWAYS_EMBED_SWIFT_STANDARD_LIBRARIES = YES;
				DEVELOPMENT_TEAM = 6K545KQZZG;
				INFOPLIST_FILE = multiViewControllersUITests/Info.plist;
				LD_RUNPATH_SEARCH_PATHS = "$(inherited) @executable_path/Frameworks @loader_path/Frameworks";
				PRODUCT_BUNDLE_IDENTIFIER = com.example123.multiViewControllersUITests;
				PRODUCT_NAME = "$(TARGET_NAME)";
				SWIFT_VERSION = 3.0;
				TEST_TARGET_NAME = multiViewControllers;
			};
			name = Debug;
		};
		95827E261F5FA7C100D49D08 /* Release */ = {
			isa = XCBuildConfiguration;
			buildSettings = {
				ALWAYS_EMBED_SWIFT_STANDARD_LIBRARIES = YES;
				DEVELOPMENT_TEAM = 6K545KQZZG;
				INFOPLIST_FILE = multiViewControllersUITests/Info.plist;
				LD_RUNPATH_SEARCH_PATHS = "$(inherited) @executable_path/Frameworks @loader_path/Frameworks";
				PRODUCT_BUNDLE_IDENTIFIER = com.example123.multiViewControllersUITests;
				PRODUCT_NAME = "$(TARGET_NAME)";
				SWIFT_VERSION = 3.0;
				TEST_TARGET_NAME = multiViewControllers;
			};
			name = Release;
		};
/* End XCBuildConfiguration section */

/* Begin XCConfigurationList section */
		95827DF11F5FA7C100D49D08 /* Build configuration list for PBXProject "multiViewControllers" */ = {
			isa = XCConfigurationList;
			buildConfigurations = (
				95827E1C1F5FA7C100D49D08 /* Debug */,
				95827E1D1F5FA7C100D49D08 /* Release */,
			);
			defaultConfigurationIsVisible = 0;
			defaultConfigurationName = Release;
		};
		95827E1E1F5FA7C100D49D08 /* Build configuration list for PBXNativeTarget "multiViewControllers" */ = {
			isa = XCConfigurationList;
			buildConfigurations = (
				95827E1F1F5FA7C100D49D08 /* Debug */,
				95827E201F5FA7C100D49D08 /* Release */,
			);
			defaultConfigurationIsVisible = 0;
		};
		95827E211F5FA7C100D49D08 /* Build configuration list for PBXNativeTarget "multiViewControllersTests" */ = {
			isa = XCConfigurationList;
			buildConfigurations = (
				95827E221F5FA7C100D49D08 /* Debug */,
				95827E231F5FA7C100D49D08 /* Release */,
			);
			defaultConfigurationIsVisible = 0;
		};
		95827E241F5FA7C100D49D08 /* Build configuration list for PBXNativeTarget "multiViewControllersUITests" */ = {
			isa = XCConfigurationList;
			buildConfigurations = (
				95827E251F5FA7C100D49D08 /* Debug */,
				95827E261F5FA7C100D49D08 /* Release */,
			);
			defaultConfigurationIsVisible = 0;
		};
/* End XCConfigurationList section */
	};
	rootObject = 95827DEE1F5FA7C100D49D08 /* Project object */;
}
