// !$*UTF8*$!
{
	archiveVersion = 1;
	classes = {
	};
	objectVersion = 46;
	objects = {

/* Begin PBXBuildFile section */
		95827D861F5F98A800D49D08 /* AppDelegate.swift in Sources */ = {isa = PBXBuildFile; fileRef = 95827D851F5F98A800D49D08 /* AppDelegate.swift */; };
		95827D881F5F98A800D49D08 /* ViewController.swift in Sources */ = {isa = PBXBuildFile; fileRef = 95827D871F5F98A800D49D08 /* ViewController.swift */; };
		95827D8B1F5F98A800D49D08 /* Main.storyboard in Resources */ = {isa = PBXBuildFile; fileRef = 95827D891F5F98A800D49D08 /* Main.storyboard */; };
		95827D8D1F5F98A800D49D08 /* Assets.xcassets in Resources */ = {isa = PBXBuildFile; fileRef = 95827D8C1F5F98A800D49D08 /* Assets.xcassets */; };
		95827D901F5F98A800D49D08 /* LaunchScreen.storyboard in Resources */ = {isa = PBXBuildFile; fileRef = 95827D8E1F5F98A800D49D08 /* LaunchScreen.storyboard */; };
		95827D9B1F5F98A800D49D08 /* permDataStorageTests.swift in Sources */ = {isa = PBXBuildFile; fileRef = 95827D9A1F5F98A800D49D08 /* permDataStorageTests.swift */; };
		95827DA61F5F98A800D49D08 /* permDataStorageUITests.swift in Sources */ = {isa = PBXBuildFile; fileRef = 95827DA51F5F98A800D49D08 /* permDataStorageUITests.swift */; };
/* End PBXBuildFile section */

/* Begin PBXContainerItemProxy section */
		95827D971F5F98A800D49D08 /* PBXContainerItemProxy */ = {
			isa = PBXContainerItemProxy;
			containerPortal = 95827D7A1F5F98A800D49D08 /* Project object */;
			proxyType = 1;
			remoteGlobalIDString = 95827D811F5F98A800D49D08;
			remoteInfo = permDataStorage;
		};
		95827DA21F5F98A800D49D08 /* PBXContainerItemProxy */ = {
			isa = PBXContainerItemProxy;
			containerPortal = 95827D7A1F5F98A800D49D08 /* Project object */;
			proxyType = 1;
			remoteGlobalIDString = 95827D811F5F98A800D49D08;
			remoteInfo = permDataStorage;
		};
/* End PBXContainerItemProxy section */

/* Begin PBXFileReference section */
		95827D821F5F98A800D49D08 /* permDataStorage.app */ = {isa = PBXFileReference; explicitFileType = wrapper.application; includeInIndex = 0; path = permDataStorage.app; sourceTree = BUILT_PRODUCTS_DIR; };
		95827D851F5F98A800D49D08 /* AppDelegate.swift */ = {isa = PBXFileReference; lastKnownFileType = sourcecode.swift; path = AppDelegate.swift; sourceTree = "<group>"; };
		95827D871F5F98A800D49D08 /* ViewController.swift */ = {isa = PBXFileReference; lastKnownFileType = sourcecode.swift; path = ViewController.swift; sourceTree = "<group>"; };
		95827D8A1F5F98A800D49D08 /* Base */ = {isa = PBXFileReference; lastKnownFileType = file.storyboard; name = Base; path = Base.lproj/Main.storyboard; sourceTree = "<group>"; };
		95827D8C1F5F98A800D49D08 /* Assets.xcassets */ = {isa = PBXFileReference; lastKnownFileType = folder.assetcatalog; path = Assets.xcassets; sourceTree = "<group>"; };
		95827D8F1F5F98A800D49D08 /* Base */ = {isa = PBXFileReference; lastKnownFileType = file.storyboard; name = Base; path = Base.lproj/LaunchScreen.storyboard; sourceTree = "<group>"; };
		95827D911F5F98A800D49D08 /* Info.plist */ = {isa = PBXFileReference; lastKnownFileType = text.plist.xml; path = Info.plist; sourceTree = "<group>"; };
		95827D961F5F98A800D49D08 /* permDataStorageTests.xctest */ = {isa = PBXFileReference; explicitFileType = wrapper.cfbundle; includeInIndex = 0; path = permDataStorageTests.xctest; sourceTree = BUILT_PRODUCTS_DIR; };
		95827D9A1F5F98A800D49D08 /* permDataStorageTests.swift */ = {isa = PBXFileReference; lastKnownFileType = sourcecode.swift; path = permDataStorageTests.swift; sourceTree = "<group>"; };
		95827D9C1F5F98A800D49D08 /* Info.plist */ = {isa = PBXFileReference; lastKnownFileType = text.plist.xml; path = Info.plist; sourceTree = "<group>"; };
		95827DA11F5F98A800D49D08 /* permDataStorageUITests.xctest */ = {isa = PBXFileReference; explicitFileType = wrapper.cfbundle; includeInIndex = 0; path = permDataStorageUITests.xctest; sourceTree = BUILT_PRODUCTS_DIR; };
		95827DA51F5F98A800D49D08 /* permDataStorageUITests.swift */ = {isa = PBXFileReference; lastKnownFileType = sourcecode.swift; path = permDataStorageUITests.swift; sourceTree = "<group>"; };
		95827DA71F5F98A800D49D08 /* Info.plist */ = {isa = PBXFileReference; lastKnownFileType = text.plist.xml; path = Info.plist; sourceTree = "<group>"; };
/* End PBXFileReference section */

/* Begin PBXFrameworksBuildPhase section */
		95827D7F1F5F98A800D49D08 /* Frameworks */ = {
			isa = PBXFrameworksBuildPhase;
			buildActionMask = 2147483647;
			files = (
			);
			runOnlyForDeploymentPostprocessing = 0;
		};
		95827D931F5F98A800D49D08 /* Frameworks */ = {
			isa = PBXFrameworksBuildPhase;
			buildActionMask = 2147483647;
			files = (
			);
			runOnlyForDeploymentPostprocessing = 0;
		};
		95827D9E1F5F98A800D49D08 /* Frameworks */ = {
			isa = PBXFrameworksBuildPhase;
			buildActionMask = 2147483647;
			files = (
			);
			runOnlyForDeploymentPostprocessing = 0;
		};
/* End PBXFrameworksBuildPhase section */

/* Begin PBXGroup section */
		95827D791F5F98A800D49D08 = {
			isa = PBXGroup;
			children = (
				95827D841F5F98A800D49D08 /* permDataStorage */,
				95827D991F5F98A800D49D08 /* permDataStorageTests */,
				95827DA41F5F98A800D49D08 /* permDataStorageUITests */,
				95827D831F5F98A800D49D08 /* Products */,
			);
			sourceTree = "<group>";
		};
		95827D831F5F98A800D49D08 /* Products */ = {
			isa = PBXGroup;
			children = (
				95827D821F5F98A800D49D08 /* permDataStorage.app */,
				95827D961F5F98A800D49D08 /* permDataStorageTests.xctest */,
				95827DA11F5F98A800D49D08 /* permDataStorageUITests.xctest */,
			);
			name = Products;
			sourceTree = "<group>";
		};
		95827D841F5F98A800D49D08 /* permDataStorage */ = {
			isa = PBXGroup;
			children = (
				95827D851F5F98A800D49D08 /* AppDelegate.swift */,
				95827D871F5F98A800D49D08 /* ViewController.swift */,
				95827D891F5F98A800D49D08 /* Main.storyboard */,
				95827D8C1F5F98A800D49D08 /* Assets.xcassets */,
				95827D8E1F5F98A800D49D08 /* LaunchScreen.storyboard */,
				95827D911F5F98A800D49D08 /* Info.plist */,
			);
			path = permDataStorage;
			sourceTree = "<group>";
		};
		95827D991F5F98A800D49D08 /* permDataStorageTests */ = {
			isa = PBXGroup;
			children = (
				95827D9A1F5F98A800D49D08 /* permDataStorageTests.swift */,
				95827D9C1F5F98A800D49D08 /* Info.plist */,
			);
			path = permDataStorageTests;
			sourceTree = "<group>";
		};
		95827DA41F5F98A800D49D08 /* permDataStorageUITests */ = {
			isa = PBXGroup;
			children = (
				95827DA51F5F98A800D49D08 /* permDataStorageUITests.swift */,
				95827DA71F5F98A800D49D08 /* Info.plist */,
			);
			path = permDataStorageUITests;
			sourceTree = "<group>";
		};
/* End PBXGroup section */

/* Begin PBXNativeTarget section */
		95827D811F5F98A800D49D08 /* permDataStorage */ = {
			isa = PBXNativeTarget;
			buildConfigurationList = 95827DAA1F5F98A800D49D08 /* Build configuration list for PBXNativeTarget "permDataStorage" */;
			buildPhases = (
				95827D7E1F5F98A800D49D08 /* Sources */,
				95827D7F1F5F98A800D49D08 /* Frameworks */,
				95827D801F5F98A800D49D08 /* Resources */,
			);
			buildRules = (
			);
			dependencies = (
			);
			name = permDataStorage;
			productName = permDataStorage;
			productReference = 95827D821F5F98A800D49D08 /* permDataStorage.app */;
			productType = "com.apple.product-type.application";
		};
		95827D951F5F98A800D49D08 /* permDataStorageTests */ = {
			isa = PBXNativeTarget;
			buildConfigurationList = 95827DAD1F5F98A800D49D08 /* Build configuration list for PBXNativeTarget "permDataStorageTests" */;
			buildPhases = (
				95827D921F5F98A800D49D08 /* Sources */,
				95827D931F5F98A800D49D08 /* Frameworks */,
				95827D941F5F98A800D49D08 /* Resources */,
			);
			buildRules = (
			);
			dependencies = (
				95827D981F5F98A800D49D08 /* PBXTargetDependency */,
			);
			name = permDataStorageTests;
			productName = permDataStorageTests;
			productReference = 95827D961F5F98A800D49D08 /* permDataStorageTests.xctest */;
			productType = "com.apple.product-type.bundle.unit-test";
		};
		95827DA01F5F98A800D49D08 /* permDataStorageUITests */ = {
			isa = PBXNativeTarget;
			buildConfigurationList = 95827DB01F5F98A800D49D08 /* Build configuration list for PBXNativeTarget "permDataStorageUITests" */;
			buildPhases = (
				95827D9D1F5F98A800D49D08 /* Sources */,
				95827D9E1F5F98A800D49D08 /* Frameworks */,
				95827D9F1F5F98A800D49D08 /* Resources */,
			);
			buildRules = (
			);
			dependencies = (
				95827DA31F5F98A800D49D08 /* PBXTargetDependency */,
			);
			name = permDataStorageUITests;
			productName = permDataStorageUITests;
			productReference = 95827DA11F5F98A800D49D08 /* permDataStorageUITests.xctest */;
			productType = "com.apple.product-type.bundle.ui-testing";
		};
/* End PBXNativeTarget section */

/* Begin PBXProject section */
		95827D7A1F5F98A800D49D08 /* Project object */ = {
			isa = PBXProject;
			attributes = {
				LastSwiftUpdateCheck = 0830;
				LastUpgradeCheck = 0830;
				ORGANIZATIONNAME = "Ali Payne";
				TargetAttributes = {
					95827D811F5F98A800D49D08 = {
						CreatedOnToolsVersion = 8.3.3;
						DevelopmentTeam = 6K545KQZZG;
						ProvisioningStyle = Automatic;
					};
					95827D951F5F98A800D49D08 = {
						CreatedOnToolsVersion = 8.3.3;
						DevelopmentTeam = 6K545KQZZG;
						ProvisioningStyle = Automatic;
						TestTargetID = 95827D811F5F98A800D49D08;
					};
					95827DA01F5F98A800D49D08 = {
						CreatedOnToolsVersion = 8.3.3;
						DevelopmentTeam = 6K545KQZZG;
						ProvisioningStyle = Automatic;
						TestTargetID = 95827D811F5F98A800D49D08;
					};
				};
			};
			buildConfigurationList = 95827D7D1F5F98A800D49D08 /* Build configuration list for PBXProject "permDataStorage" */;
			compatibilityVersion = "Xcode 3.2";
			developmentRegion = English;
			hasScannedForEncodings = 0;
			knownRegions = (
				en,
				Base,
			);
			mainGroup = 95827D791F5F98A800D49D08;
			productRefGroup = 95827D831F5F98A800D49D08 /* Products */;
			projectDirPath = "";
			projectRoot = "";
			targets = (
				95827D811F5F98A800D49D08 /* permDataStorage */,
				95827D951F5F98A800D49D08 /* permDataStorageTests */,
				95827DA01F5F98A800D49D08 /* permDataStorageUITests */,
			);
		};
/* End PBXProject section */

/* Begin PBXResourcesBuildPhase section */
		95827D801F5F98A800D49D08 /* Resources */ = {
			isa = PBXResourcesBuildPhase;
			buildActionMask = 2147483647;
			files = (
				95827D901F5F98A800D49D08 /* LaunchScreen.storyboard in Resources */,
				95827D8D1F5F98A800D49D08 /* Assets.xcassets in Resources */,
				95827D8B1F5F98A800D49D08 /* Main.storyboard in Resources */,
			);
			runOnlyForDeploymentPostprocessing = 0;
		};
		95827D941F5F98A800D49D08 /* Resources */ = {
			isa = PBXResourcesBuildPhase;
			buildActionMask = 2147483647;
			files = (
			);
			runOnlyForDeploymentPostprocessing = 0;
		};
		95827D9F1F5F98A800D49D08 /* Resources */ = {
			isa = PBXResourcesBuildPhase;
			buildActionMask = 2147483647;
			files = (
			);
			runOnlyForDeploymentPostprocessing = 0;
		};
/* End PBXResourcesBuildPhase section */

/* Begin PBXSourcesBuildPhase section */
		95827D7E1F5F98A800D49D08 /* Sources */ = {
			isa = PBXSourcesBuildPhase;
			buildActionMask = 2147483647;
			files = (
				95827D881F5F98A800D49D08 /* ViewController.swift in Sources */,
				95827D861F5F98A800D49D08 /* AppDelegate.swift in Sources */,
			);
			runOnlyForDeploymentPostprocessing = 0;
		};
		95827D921F5F98A800D49D08 /* Sources */ = {
			isa = PBXSourcesBuildPhase;
			buildActionMask = 2147483647;
			files = (
				95827D9B1F5F98A800D49D08 /* permDataStorageTests.swift in Sources */,
			);
			runOnlyForDeploymentPostprocessing = 0;
		};
		95827D9D1F5F98A800D49D08 /* Sources */ = {
			isa = PBXSourcesBuildPhase;
			buildActionMask = 2147483647;
			files = (
				95827DA61F5F98A800D49D08 /* permDataStorageUITests.swift in Sources */,
			);
			runOnlyForDeploymentPostprocessing = 0;
		};
/* End PBXSourcesBuildPhase section */

/* Begin PBXTargetDependency section */
		95827D981F5F98A800D49D08 /* PBXTargetDependency */ = {
			isa = PBXTargetDependency;
			target = 95827D811F5F98A800D49D08 /* permDataStorage */;
			targetProxy = 95827D971F5F98A800D49D08 /* PBXContainerItemProxy */;
		};
		95827DA31F5F98A800D49D08 /* PBXTargetDependency */ = {
			isa = PBXTargetDependency;
			target = 95827D811F5F98A800D49D08 /* permDataStorage */;
			targetProxy = 95827DA21F5F98A800D49D08 /* PBXContainerItemProxy */;
		};
/* End PBXTargetDependency section */

/* Begin PBXVariantGroup section */
		95827D891F5F98A800D49D08 /* Main.storyboard */ = {
			isa = PBXVariantGroup;
			children = (
				95827D8A1F5F98A800D49D08 /* Base */,
			);
			name = Main.storyboard;
			sourceTree = "<group>";
		};
		95827D8E1F5F98A800D49D08 /* LaunchScreen.storyboard */ = {
			isa = PBXVariantGroup;
			children = (
				95827D8F1F5F98A800D49D08 /* Base */,
			);
			name = LaunchScreen.storyboard;
			sourceTree = "<group>";
		};
/* End PBXVariantGroup section */

/* Begin XCBuildConfiguration section */
		95827DA81F5F98A800D49D08 /* Debug */ = {
			isa = XCBuildConfiguration;
			buildSettings = {
				ALWAYS_SEARCH_USER_PATHS = NO;
				CLANG_ANALYZER_NONNULL = YES;
				CLANG_ANALYZER_NUMBER_OBJECT_CONVERSION = YES_AGGRESSIVE;
				CLANG_CXX_LANGUAGE_STANDARD = "gnu++0x";
				CLANG_CXX_LIBRARY = "libc++";
				CLANG_ENABLE_MODULES = YES;
				CLANG_ENABLE_OBJC_ARC = YES;
				CLANG_WARN_BOOL_CONVERSION = YES;
				CLANG_WARN_CONSTANT_CONVERSION = YES;
				CLANG_WARN_DIRECT_OBJC_ISA_USAGE = YES_ERROR;
				CLANG_WARN_DOCUMENTATION_COMMENTS = YES;
				CLANG_WARN_EMPTY_BODY = YES;
				CLANG_WARN_ENUM_CONVERSION = YES;
				CLANG_WARN_INFINITE_RECURSION = YES;
				CLANG_WARN_INT_CONVERSION = YES;
				CLANG_WARN_OBJC_ROOT_CLASS = YES_ERROR;
				CLANG_WARN_SUSPICIOUS_MOVE = YES;
				CLANG_WARN_UNREACHABLE_CODE = YES;
				CLANG_WARN__DUPLICATE_METHOD_MATCH = YES;
				"CODE_SIGN_IDENTITY[sdk=iphoneos*]" = "iPhone Developer";
				COPY_PHASE_STRIP = NO;
				DEBUG_INFORMATION_FORMAT = dwarf;
				ENABLE_STRICT_OBJC_MSGSEND = YES;
				ENABLE_TESTABILITY = YES;
				GCC_C_LANGUAGE_STANDARD = gnu99;
				GCC_DYNAMIC_NO_PIC = NO;
				GCC_NO_COMMON_BLOCKS = YES;
				GCC_OPTIMIZATION_LEVEL = 0;
				GCC_PREPROCESSOR_DEFINITIONS = (
					"DEBUG=1",
					"$(inherited)",
				);
				GCC_WARN_64_TO_32_BIT_CONVERSION = YES;
				GCC_WARN_ABOUT_RETURN_TYPE = YES_ERROR;
				GCC_WARN_UNDECLARED_SELECTOR = YES;
				GCC_WARN_UNINITIALIZED_AUTOS = YES_AGGRESSIVE;
				GCC_WARN_UNUSED_FUNCTION = YES;
				GCC_WARN_UNUSED_VARIABLE = YES;
				IPHONEOS_DEPLOYMENT_TARGET = 10.3;
				MTL_ENABLE_DEBUG_INFO = YES;
				ONLY_ACTIVE_ARCH = YES;
				SDKROOT = iphoneos;
				SWIFT_ACTIVE_COMPILATION_CONDITIONS = DEBUG;
				SWIFT_OPTIMIZATION_LEVEL = "-Onone";
				TARGETED_DEVICE_FAMILY = "1,2";
			};
			name = Debug;
		};
		95827DA91F5F98A800D49D08 /* Release */ = {
			isa = XCBuildConfiguration;
			buildSettings = {
				ALWAYS_SEARCH_USER_PATHS = NO;
				CLANG_ANALYZER_NONNULL = YES;
				CLANG_ANALYZER_NUMBER_OBJECT_CONVERSION = YES_AGGRESSIVE;
				CLANG_CXX_LANGUAGE_STANDARD = "gnu++0x";
				CLANG_CXX_LIBRARY = "libc++";
				CLANG_ENABLE_MODULES = YES;
				CLANG_ENABLE_OBJC_ARC = YES;
				CLANG_WARN_BOOL_CONVERSION = YES;
				CLANG_WARN_CONSTANT_CONVERSION = YES;
				CLANG_WARN_DIRECT_OBJC_ISA_USAGE = YES_ERROR;
				CLANG_WARN_DOCUMENTATION_COMMENTS = YES;
				CLANG_WARN_EMPTY_BODY = YES;
				CLANG_WARN_ENUM_CONVERSION = YES;
				CLANG_WARN_INFINITE_RECURSION = YES;
				CLANG_WARN_INT_CONVERSION = YES;
				CLANG_WARN_OBJC_ROOT_CLASS = YES_ERROR;
				CLANG_WARN_SUSPICIOUS_MOVE = YES;
				CLANG_WARN_UNREACHABLE_CODE = YES;
				CLANG_WARN__DUPLICATE_METHOD_MATCH = YES;
				"CODE_SIGN_IDENTITY[sdk=iphoneos*]" = "iPhone Developer";
				COPY_PHASE_STRIP = NO;
				DEBUG_INFORMATION_FORMAT = "dwarf-with-dsym";
				ENABLE_NS_ASSERTIONS = NO;
				ENABLE_STRICT_OBJC_MSGSEND = YES;
				GCC_C_LANGUAGE_STANDARD = gnu99;
				GCC_NO_COMMON_BLOCKS = YES;
				GCC_WARN_64_TO_32_BIT_CONVERSION = YES;
				GCC_WARN_ABOUT_RETURN_TYPE = YES_ERROR;
				GCC_WARN_UNDECLARED_SELECTOR = YES;
				GCC_WARN_UNINITIALIZED_AUTOS = YES_AGGRESSIVE;
				GCC_WARN_UNUSED_FUNCTION = YES;
				GCC_WARN_UNUSED_VARIABLE = YES;
				IPHONEOS_DEPLOYMENT_TARGET = 10.3;
				MTL_ENABLE_DEBUG_INFO = NO;
				SDKROOT = iphoneos;
				SWIFT_OPTIMIZATION_LEVEL = "-Owholemodule";
				TARGETED_DEVICE_FAMILY = "1,2";
				VALIDATE_PRODUCT = YES;
			};
			name = Release;
		};
		95827DAB1F5F98A800D49D08 /* Debug */ = {
			isa = XCBuildConfiguration;
			buildSettings = {
				ASSETCATALOG_COMPILER_APPICON_NAME = AppIcon;
				DEVELOPMENT_TEAM = 6K545KQZZG;
				INFOPLIST_FILE = permDataStorage/Info.plist;
				LD_RUNPATH_SEARCH_PATHS = "$(inherited) @executable_path/Frameworks";
				PRODUCT_BUNDLE_IDENTIFIER = com.example123.permDataStorage;
				PRODUCT_NAME = "$(TARGET_NAME)";
				SWIFT_VERSION = 3.0;
			};
			name = Debug;
		};
		95827DAC1F5F98A800D49D08 /* Release */ = {
			isa = XCBuildConfiguration;
			buildSettings = {
				ASSETCATALOG_COMPILER_APPICON_NAME = AppIcon;
				DEVELOPMENT_TEAM = 6K545KQZZG;
				INFOPLIST_FILE = permDataStorage/Info.plist;
				LD_RUNPATH_SEARCH_PATHS = "$(inherited) @executable_path/Frameworks";
				PRODUCT_BUNDLE_IDENTIFIER = com.example123.permDataStorage;
				PRODUCT_NAME = "$(TARGET_NAME)";
				SWIFT_VERSION = 3.0;
			};
			name = Release;
		};
		95827DAE1F5F98A800D49D08 /* Debug */ = {
			isa = XCBuildConfiguration;
			buildSettings = {
				ALWAYS_EMBED_SWIFT_STANDARD_LIBRARIES = YES;
				BUNDLE_LOADER = "$(TEST_HOST)";
				DEVELOPMENT_TEAM = 6K545KQZZG;
				INFOPLIST_FILE = permDataStorageTests/Info.plist;
				LD_RUNPATH_SEARCH_PATHS = "$(inherited) @executable_path/Frameworks @loader_path/Frameworks";
				PRODUCT_BUNDLE_IDENTIFIER = com.example123.permDataStorageTests;
				PRODUCT_NAME = "$(TARGET_NAME)";
				SWIFT_VERSION = 3.0;
				TEST_HOST = "$(BUILT_PRODUCTS_DIR)/permDataStorage.app/permDataStorage";
			};
			name = Debug;
		};
		95827DAF1F5F98A800D49D08 /* Release */ = {
			isa = XCBuildConfiguration;
			buildSettings = {
				ALWAYS_EMBED_SWIFT_STANDARD_LIBRARIES = YES;
				BUNDLE_LOADER = "$(TEST_HOST)";
				DEVELOPMENT_TEAM = 6K545KQZZG;
				INFOPLIST_FILE = permDataStorageTests/Info.plist;
				LD_RUNPATH_SEARCH_PATHS = "$(inherited) @executable_path/Frameworks @loader_path/Frameworks";
				PRODUCT_BUNDLE_IDENTIFIER = com.example123.permDataStorageTests;
				PRODUCT_NAME = "$(TARGET_NAME)";
				SWIFT_VERSION = 3.0;
				TEST_HOST = "$(BUILT_PRODUCTS_DIR)/permDataStorage.app/permDataStorage";
			};
			name = Release;
		};
		95827DB11F5F98A800D49D08 /* Debug */ = {
			isa = XCBuildConfiguration;
			buildSettings = {
				ALWAYS_EMBED_SWIFT_STANDARD_LIBRARIES = YES;
				DEVELOPMENT_TEAM = 6K545KQZZG;
				INFOPLIST_FILE = permDataStorageUITests/Info.plist;
				LD_RUNPATH_SEARCH_PATHS = "$(inherited) @executable_path/Frameworks @loader_path/Frameworks";
				PRODUCT_BUNDLE_IDENTIFIER = com.example123.permDataStorageUITests;
				PRODUCT_NAME = "$(TARGET_NAME)";
				SWIFT_VERSION = 3.0;
				TEST_TARGET_NAME = permDataStorage;
			};
			name = Debug;
		};
		95827DB21F5F98A800D49D08 /* Release */ = {
			isa = XCBuildConfiguration;
			buildSettings = {
				ALWAYS_EMBED_SWIFT_STANDARD_LIBRARIES = YES;
				DEVELOPMENT_TEAM = 6K545KQZZG;
				INFOPLIST_FILE = permDataStorageUITests/Info.plist;
				LD_RUNPATH_SEARCH_PATHS = "$(inherited) @executable_path/Frameworks @loader_path/Frameworks";
				PRODUCT_BUNDLE_IDENTIFIER = com.example123.permDataStorageUITests;
				PRODUCT_NAME = "$(TARGET_NAME)";
				SWIFT_VERSION = 3.0;
				TEST_TARGET_NAME = permDataStorage;
			};
			name = Release;
		};
/* End XCBuildConfiguration section */

/* Begin XCConfigurationList section */
		95827D7D1F5F98A800D49D08 /* Build configuration list for PBXProject "permDataStorage" */ = {
			isa = XCConfigurationList;
			buildConfigurations = (
				95827DA81F5F98A800D49D08 /* Debug */,
				95827DA91F5F98A800D49D08 /* Release */,
			);
			defaultConfigurationIsVisible = 0;
			defaultConfigurationName = Release;
		};
		95827DAA1F5F98A800D49D08 /* Build configuration list for PBXNativeTarget "permDataStorage" */ = {
			isa = XCConfigurationList;
			buildConfigurations = (
				95827DAB1F5F98A800D49D08 /* Debug */,
				95827DAC1F5F98A800D49D08 /* Release */,
			);
			defaultConfigurationIsVisible = 0;
		};
		95827DAD1F5F98A800D49D08 /* Build configuration list for PBXNativeTarget "permDataStorageTests" */ = {
			isa = XCConfigurationList;
			buildConfigurations = (
				95827DAE1F5F98A800D49D08 /* Debug */,
				95827DAF1F5F98A800D49D08 /* Release */,
			);
			defaultConfigurationIsVisible = 0;
		};
		95827DB01F5F98A800D49D08 /* Build configuration list for PBXNativeTarget "permDataStorageUITests" */ = {
			isa = XCConfigurationList;
			buildConfigurations = (
				95827DB11F5F98A800D49D08 /* Debug */,
				95827DB21F5F98A800D49D08 /* Release */,
			);
			defaultConfigurationIsVisible = 0;
		};
/* End XCConfigurationList section */
	};
	rootObject = 95827D7A1F5F98A800D49D08 /* Project object */;
}
