// !$*UTF8*$!
{
	archiveVersion = 1;
	classes = {
	};
	objectVersion = 46;
	objects = {

/* Begin PBXBuildFile section */
		95BDC6301F3AECD90053A07D /* AppDelegate.swift in Sources */ = {isa = PBXBuildFile; fileRef = 95BDC62F1F3AECD90053A07D /* AppDelegate.swift */; };
		95BDC6321F3AECD90053A07D /* ViewController.swift in Sources */ = {isa = PBXBuildFile; fileRef = 95BDC6311F3AECD90053A07D /* ViewController.swift */; };
		95BDC6351F3AECD90053A07D /* Main.storyboard in Resources */ = {isa = PBXBuildFile; fileRef = 95BDC6331F3AECD90053A07D /* Main.storyboard */; };
		95BDC6371F3AECD90053A07D /* Assets.xcassets in Resources */ = {isa = PBXBuildFile; fileRef = 95BDC6361F3AECD90053A07D /* Assets.xcassets */; };
		95BDC63A1F3AECD90053A07D /* LaunchScreen.storyboard in Resources */ = {isa = PBXBuildFile; fileRef = 95BDC6381F3AECD90053A07D /* LaunchScreen.storyboard */; };
		95BDC6451F3AECD90053A07D /* is_it_primeTests.swift in Sources */ = {isa = PBXBuildFile; fileRef = 95BDC6441F3AECD90053A07D /* is_it_primeTests.swift */; };
		95BDC6501F3AECD90053A07D /* is_it_primeUITests.swift in Sources */ = {isa = PBXBuildFile; fileRef = 95BDC64F1F3AECD90053A07D /* is_it_primeUITests.swift */; };
/* End PBXBuildFile section */

/* Begin PBXContainerItemProxy section */
		95BDC6411F3AECD90053A07D /* PBXContainerItemProxy */ = {
			isa = PBXContainerItemProxy;
			containerPortal = 95BDC6241F3AECD80053A07D /* Project object */;
			proxyType = 1;
			remoteGlobalIDString = 95BDC62B1F3AECD80053A07D;
			remoteInfo = "is it prime";
		};
		95BDC64C1F3AECD90053A07D /* PBXContainerItemProxy */ = {
			isa = PBXContainerItemProxy;
			containerPortal = 95BDC6241F3AECD80053A07D /* Project object */;
			proxyType = 1;
			remoteGlobalIDString = 95BDC62B1F3AECD80053A07D;
			remoteInfo = "is it prime";
		};
/* End PBXContainerItemProxy section */

/* Begin PBXFileReference section */
		95BDC62C1F3AECD80053A07D /* is it prime.app */ = {isa = PBXFileReference; explicitFileType = wrapper.application; includeInIndex = 0; path = "is it prime.app"; sourceTree = BUILT_PRODUCTS_DIR; };
		95BDC62F1F3AECD90053A07D /* AppDelegate.swift */ = {isa = PBXFileReference; lastKnownFileType = sourcecode.swift; path = AppDelegate.swift; sourceTree = "<group>"; };
		95BDC6311F3AECD90053A07D /* ViewController.swift */ = {isa = PBXFileReference; lastKnownFileType = sourcecode.swift; path = ViewController.swift; sourceTree = "<group>"; };
		95BDC6341F3AECD90053A07D /* Base */ = {isa = PBXFileReference; lastKnownFileType = file.storyboard; name = Base; path = Base.lproj/Main.storyboard; sourceTree = "<group>"; };
		95BDC6361F3AECD90053A07D /* Assets.xcassets */ = {isa = PBXFileReference; lastKnownFileType = folder.assetcatalog; path = Assets.xcassets; sourceTree = "<group>"; };
		95BDC6391F3AECD90053A07D /* Base */ = {isa = PBXFileReference; lastKnownFileType = file.storyboard; name = Base; path = Base.lproj/LaunchScreen.storyboard; sourceTree = "<group>"; };
		95BDC63B1F3AECD90053A07D /* Info.plist */ = {isa = PBXFileReference; lastKnownFileType = text.plist.xml; path = Info.plist; sourceTree = "<group>"; };
		95BDC6401F3AECD90053A07D /* is it primeTests.xctest */ = {isa = PBXFileReference; explicitFileType = wrapper.cfbundle; includeInIndex = 0; path = "is it primeTests.xctest"; sourceTree = BUILT_PRODUCTS_DIR; };
		95BDC6441F3AECD90053A07D /* is_it_primeTests.swift */ = {isa = PBXFileReference; lastKnownFileType = sourcecode.swift; path = is_it_primeTests.swift; sourceTree = "<group>"; };
		95BDC6461F3AECD90053A07D /* Info.plist */ = {isa = PBXFileReference; lastKnownFileType = text.plist.xml; path = Info.plist; sourceTree = "<group>"; };
		95BDC64B1F3AECD90053A07D /* is it primeUITests.xctest */ = {isa = PBXFileReference; explicitFileType = wrapper.cfbundle; includeInIndex = 0; path = "is it primeUITests.xctest"; sourceTree = BUILT_PRODUCTS_DIR; };
		95BDC64F1F3AECD90053A07D /* is_it_primeUITests.swift */ = {isa = PBXFileReference; lastKnownFileType = sourcecode.swift; path = is_it_primeUITests.swift; sourceTree = "<group>"; };
		95BDC6511F3AECD90053A07D /* Info.plist */ = {isa = PBXFileReference; lastKnownFileType = text.plist.xml; path = Info.plist; sourceTree = "<group>"; };
/* End PBXFileReference section */

/* Begin PBXFrameworksBuildPhase section */
		95BDC6291F3AECD80053A07D /* Frameworks */ = {
			isa = PBXFrameworksBuildPhase;
			buildActionMask = 2147483647;
			files = (
			);
			runOnlyForDeploymentPostprocessing = 0;
		};
		95BDC63D1F3AECD90053A07D /* Frameworks */ = {
			isa = PBXFrameworksBuildPhase;
			buildActionMask = 2147483647;
			files = (
			);
			runOnlyForDeploymentPostprocessing = 0;
		};
		95BDC6481F3AECD90053A07D /* Frameworks */ = {
			isa = PBXFrameworksBuildPhase;
			buildActionMask = 2147483647;
			files = (
			);
			runOnlyForDeploymentPostprocessing = 0;
		};
/* End PBXFrameworksBuildPhase section */

/* Begin PBXGroup section */
		95BDC6231F3AECD80053A07D = {
			isa = PBXGroup;
			children = (
				95BDC62E1F3AECD80053A07D /* is it prime */,
				95BDC6431F3AECD90053A07D /* is it primeTests */,
				95BDC64E1F3AECD90053A07D /* is it primeUITests */,
				95BDC62D1F3AECD80053A07D /* Products */,
			);
			sourceTree = "<group>";
		};
		95BDC62D1F3AECD80053A07D /* Products */ = {
			isa = PBXGroup;
			children = (
				95BDC62C1F3AECD80053A07D /* is it prime.app */,
				95BDC6401F3AECD90053A07D /* is it primeTests.xctest */,
				95BDC64B1F3AECD90053A07D /* is it primeUITests.xctest */,
			);
			name = Products;
			sourceTree = "<group>";
		};
		95BDC62E1F3AECD80053A07D /* is it prime */ = {
			isa = PBXGroup;
			children = (
				95BDC62F1F3AECD90053A07D /* AppDelegate.swift */,
				95BDC6311F3AECD90053A07D /* ViewController.swift */,
				95BDC6331F3AECD90053A07D /* Main.storyboard */,
				95BDC6361F3AECD90053A07D /* Assets.xcassets */,
				95BDC6381F3AECD90053A07D /* LaunchScreen.storyboard */,
				95BDC63B1F3AECD90053A07D /* Info.plist */,
			);
			path = "is it prime";
			sourceTree = "<group>";
		};
		95BDC6431F3AECD90053A07D /* is it primeTests */ = {
			isa = PBXGroup;
			children = (
				95BDC6441F3AECD90053A07D /* is_it_primeTests.swift */,
				95BDC6461F3AECD90053A07D /* Info.plist */,
			);
			path = "is it primeTests";
			sourceTree = "<group>";
		};
		95BDC64E1F3AECD90053A07D /* is it primeUITests */ = {
			isa = PBXGroup;
			children = (
				95BDC64F1F3AECD90053A07D /* is_it_primeUITests.swift */,
				95BDC6511F3AECD90053A07D /* Info.plist */,
			);
			path = "is it primeUITests";
			sourceTree = "<group>";
		};
/* End PBXGroup section */

/* Begin PBXNativeTarget section */
		95BDC62B1F3AECD80053A07D /* is it prime */ = {
			isa = PBXNativeTarget;
			buildConfigurationList = 95BDC6541F3AECD90053A07D /* Build configuration list for PBXNativeTarget "is it prime" */;
			buildPhases = (
				95BDC6281F3AECD80053A07D /* Sources */,
				95BDC6291F3AECD80053A07D /* Frameworks */,
				95BDC62A1F3AECD80053A07D /* Resources */,
			);
			buildRules = (
			);
			dependencies = (
			);
			name = "is it prime";
			productName = "is it prime";
			productReference = 95BDC62C1F3AECD80053A07D /* is it prime.app */;
			productType = "com.apple.product-type.application";
		};
		95BDC63F1F3AECD90053A07D /* is it primeTests */ = {
			isa = PBXNativeTarget;
			buildConfigurationList = 95BDC6571F3AECD90053A07D /* Build configuration list for PBXNativeTarget "is it primeTests" */;
			buildPhases = (
				95BDC63C1F3AECD90053A07D /* Sources */,
				95BDC63D1F3AECD90053A07D /* Frameworks */,
				95BDC63E1F3AECD90053A07D /* Resources */,
			);
			buildRules = (
			);
			dependencies = (
				95BDC6421F3AECD90053A07D /* PBXTargetDependency */,
			);
			name = "is it primeTests";
			productName = "is it primeTests";
			productReference = 95BDC6401F3AECD90053A07D /* is it primeTests.xctest */;
			productType = "com.apple.product-type.bundle.unit-test";
		};
		95BDC64A1F3AECD90053A07D /* is it primeUITests */ = {
			isa = PBXNativeTarget;
			buildConfigurationList = 95BDC65A1F3AECD90053A07D /* Build configuration list for PBXNativeTarget "is it primeUITests" */;
			buildPhases = (
				95BDC6471F3AECD90053A07D /* Sources */,
				95BDC6481F3AECD90053A07D /* Frameworks */,
				95BDC6491F3AECD90053A07D /* Resources */,
			);
			buildRules = (
			);
			dependencies = (
				95BDC64D1F3AECD90053A07D /* PBXTargetDependency */,
			);
			name = "is it primeUITests";
			productName = "is it primeUITests";
			productReference = 95BDC64B1F3AECD90053A07D /* is it primeUITests.xctest */;
			productType = "com.apple.product-type.bundle.ui-testing";
		};
/* End PBXNativeTarget section */

/* Begin PBXProject section */
		95BDC6241F3AECD80053A07D /* Project object */ = {
			isa = PBXProject;
			attributes = {
				LastSwiftUpdateCheck = 0830;
				LastUpgradeCheck = 0830;
				ORGANIZATIONNAME = "Ali Payne";
				TargetAttributes = {
					95BDC62B1F3AECD80053A07D = {
						CreatedOnToolsVersion = 8.3.3;
						DevelopmentTeam = 6K545KQZZG;
						ProvisioningStyle = Automatic;
					};
					95BDC63F1F3AECD90053A07D = {
						CreatedOnToolsVersion = 8.3.3;
						DevelopmentTeam = 6K545KQZZG;
						ProvisioningStyle = Automatic;
						TestTargetID = 95BDC62B1F3AECD80053A07D;
					};
					95BDC64A1F3AECD90053A07D = {
						CreatedOnToolsVersion = 8.3.3;
						DevelopmentTeam = 6K545KQZZG;
						ProvisioningStyle = Automatic;
						TestTargetID = 95BDC62B1F3AECD80053A07D;
					};
				};
			};
			buildConfigurationList = 95BDC6271F3AECD80053A07D /* Build configuration list for PBXProject "is it prime" */;
			compatibilityVersion = "Xcode 3.2";
			developmentRegion = English;
			hasScannedForEncodings = 0;
			knownRegions = (
				en,
				Base,
			);
			mainGroup = 95BDC6231F3AECD80053A07D;
			productRefGroup = 95BDC62D1F3AECD80053A07D /* Products */;
			projectDirPath = "";
			projectRoot = "";
			targets = (
				95BDC62B1F3AECD80053A07D /* is it prime */,
				95BDC63F1F3AECD90053A07D /* is it primeTests */,
				95BDC64A1F3AECD90053A07D /* is it primeUITests */,
			);
		};
/* End PBXProject section */

/* Begin PBXResourcesBuildPhase section */
		95BDC62A1F3AECD80053A07D /* Resources */ = {
			isa = PBXResourcesBuildPhase;
			buildActionMask = 2147483647;
			files = (
				95BDC63A1F3AECD90053A07D /* LaunchScreen.storyboard in Resources */,
				95BDC6371F3AECD90053A07D /* Assets.xcassets in Resources */,
				95BDC6351F3AECD90053A07D /* Main.storyboard in Resources */,
			);
			runOnlyForDeploymentPostprocessing = 0;
		};
		95BDC63E1F3AECD90053A07D /* Resources */ = {
			isa = PBXResourcesBuildPhase;
			buildActionMask = 2147483647;
			files = (
			);
			runOnlyForDeploymentPostprocessing = 0;
		};
		95BDC6491F3AECD90053A07D /* Resources */ = {
			isa = PBXResourcesBuildPhase;
			buildActionMask = 2147483647;
			files = (
			);
			runOnlyForDeploymentPostprocessing = 0;
		};
/* End PBXResourcesBuildPhase section */

/* Begin PBXSourcesBuildPhase section */
		95BDC6281F3AECD80053A07D /* Sources */ = {
			isa = PBXSourcesBuildPhase;
			buildActionMask = 2147483647;
			files = (
				95BDC6321F3AECD90053A07D /* ViewController.swift in Sources */,
				95BDC6301F3AECD90053A07D /* AppDelegate.swift in Sources */,
			);
			runOnlyForDeploymentPostprocessing = 0;
		};
		95BDC63C1F3AECD90053A07D /* Sources */ = {
			isa = PBXSourcesBuildPhase;
			buildActionMask = 2147483647;
			files = (
				95BDC6451F3AECD90053A07D /* is_it_primeTests.swift in Sources */,
			);
			runOnlyForDeploymentPostprocessing = 0;
		};
		95BDC6471F3AECD90053A07D /* Sources */ = {
			isa = PBXSourcesBuildPhase;
			buildActionMask = 2147483647;
			files = (
				95BDC6501F3AECD90053A07D /* is_it_primeUITests.swift in Sources */,
			);
			runOnlyForDeploymentPostprocessing = 0;
		};
/* End PBXSourcesBuildPhase section */

/* Begin PBXTargetDependency section */
		95BDC6421F3AECD90053A07D /* PBXTargetDependency */ = {
			isa = PBXTargetDependency;
			target = 95BDC62B1F3AECD80053A07D /* is it prime */;
			targetProxy = 95BDC6411F3AECD90053A07D /* PBXContainerItemProxy */;
		};
		95BDC64D1F3AECD90053A07D /* PBXTargetDependency */ = {
			isa = PBXTargetDependency;
			target = 95BDC62B1F3AECD80053A07D /* is it prime */;
			targetProxy = 95BDC64C1F3AECD90053A07D /* PBXContainerItemProxy */;
		};
/* End PBXTargetDependency section */

/* Begin PBXVariantGroup section */
		95BDC6331F3AECD90053A07D /* Main.storyboard */ = {
			isa = PBXVariantGroup;
			children = (
				95BDC6341F3AECD90053A07D /* Base */,
			);
			name = Main.storyboard;
			sourceTree = "<group>";
		};
		95BDC6381F3AECD90053A07D /* LaunchScreen.storyboard */ = {
			isa = PBXVariantGroup;
			children = (
				95BDC6391F3AECD90053A07D /* Base */,
			);
			name = LaunchScreen.storyboard;
			sourceTree = "<group>";
		};
/* End PBXVariantGroup section */

/* Begin XCBuildConfiguration section */
		95BDC6521F3AECD90053A07D /* Debug */ = {
			isa = XCBuildConfiguration;
			buildSettings = {
				ALWAYS_SEARCH_USER_PATHS = NO;
				CLANG_ANALYZER_NONNULL = YES;
				CLANG_ANALYZER_NUMBER_OBJECT_CONVERSION = YES_AGGRESSIVE;
				CLANG_CXX_LANGUAGE_STANDARD = "gnu++0x";
				CLANG_CXX_LIBRARY = "libc++";
				CLANG_ENABLE_MODULES = YES;
				CLANG_ENABLE_OBJC_ARC = YES;
				CLANG_WARN_BOOL_CONVERSION = YES;
				CLANG_WARN_CONSTANT_CONVERSION = YES;
				CLANG_WARN_DIRECT_OBJC_ISA_USAGE = YES_ERROR;
				CLANG_WARN_DOCUMENTATION_COMMENTS = YES;
				CLANG_WARN_EMPTY_BODY = YES;
				CLANG_WARN_ENUM_CONVERSION = YES;
				CLANG_WARN_INFINITE_RECURSION = YES;
				CLANG_WARN_INT_CONVERSION = YES;
				CLANG_WARN_OBJC_ROOT_CLASS = YES_ERROR;
				CLANG_WARN_SUSPICIOUS_MOVE = YES;
				CLANG_WARN_UNREACHABLE_CODE = YES;
				CLANG_WARN__DUPLICATE_METHOD_MATCH = YES;
				"CODE_SIGN_IDENTITY[sdk=iphoneos*]" = "iPhone Developer";
				COPY_PHASE_STRIP = NO;
				DEBUG_INFORMATION_FORMAT = dwarf;
				ENABLE_STRICT_OBJC_MSGSEND = YES;
				ENABLE_TESTABILITY = YES;
				GCC_C_LANGUAGE_STANDARD = gnu99;
				GCC_DYNAMIC_NO_PIC = NO;
				GCC_NO_COMMON_BLOCKS = YES;
				GCC_OPTIMIZATION_LEVEL = 0;
				GCC_PREPROCESSOR_DEFINITIONS = (
					"DEBUG=1",
					"$(inherited)",
				);
				GCC_WARN_64_TO_32_BIT_CONVERSION = YES;
				GCC_WARN_ABOUT_RETURN_TYPE = YES_ERROR;
				GCC_WARN_UNDECLARED_SELECTOR = YES;
				GCC_WARN_UNINITIALIZED_AUTOS = YES_AGGRESSIVE;
				GCC_WARN_UNUSED_FUNCTION = YES;
				GCC_WARN_UNUSED_VARIABLE = YES;
				IPHONEOS_DEPLOYMENT_TARGET = 10.3;
				MTL_ENABLE_DEBUG_INFO = YES;
				ONLY_ACTIVE_ARCH = YES;
				SDKROOT = iphoneos;
				SWIFT_ACTIVE_COMPILATION_CONDITIONS = DEBUG;
				SWIFT_OPTIMIZATION_LEVEL = "-Onone";
				TARGETED_DEVICE_FAMILY = "1,2";
			};
			name = Debug;
		};
		95BDC6531F3AECD90053A07D /* Release */ = {
			isa = XCBuildConfiguration;
			buildSettings = {
				ALWAYS_SEARCH_USER_PATHS = NO;
				CLANG_ANALYZER_NONNULL = YES;
				CLANG_ANALYZER_NUMBER_OBJECT_CONVERSION = YES_AGGRESSIVE;
				CLANG_CXX_LANGUAGE_STANDARD = "gnu++0x";
				CLANG_CXX_LIBRARY = "libc++";
				CLANG_ENABLE_MODULES = YES;
				CLANG_ENABLE_OBJC_ARC = YES;
				CLANG_WARN_BOOL_CONVERSION = YES;
				CLANG_WARN_CONSTANT_CONVERSION = YES;
				CLANG_WARN_DIRECT_OBJC_ISA_USAGE = YES_ERROR;
				CLANG_WARN_DOCUMENTATION_COMMENTS = YES;
				CLANG_WARN_EMPTY_BODY = YES;
				CLANG_WARN_ENUM_CONVERSION = YES;
				CLANG_WARN_INFINITE_RECURSION = YES;
				CLANG_WARN_INT_CONVERSION = YES;
				CLANG_WARN_OBJC_ROOT_CLASS = YES_ERROR;
				CLANG_WARN_SUSPICIOUS_MOVE = YES;
				CLANG_WARN_UNREACHABLE_CODE = YES;
				CLANG_WARN__DUPLICATE_METHOD_MATCH = YES;
				"CODE_SIGN_IDENTITY[sdk=iphoneos*]" = "iPhone Developer";
				COPY_PHASE_STRIP = NO;
				DEBUG_INFORMATION_FORMAT = "dwarf-with-dsym";
				ENABLE_NS_ASSERTIONS = NO;
				ENABLE_STRICT_OBJC_MSGSEND = YES;
				GCC_C_LANGUAGE_STANDARD = gnu99;
				GCC_NO_COMMON_BLOCKS = YES;
				GCC_WARN_64_TO_32_BIT_CONVERSION = YES;
				GCC_WARN_ABOUT_RETURN_TYPE = YES_ERROR;
				GCC_WARN_UNDECLARED_SELECTOR = YES;
				GCC_WARN_UNINITIALIZED_AUTOS = YES_AGGRESSIVE;
				GCC_WARN_UNUSED_FUNCTION = YES;
				GCC_WARN_UNUSED_VARIABLE = YES;
				IPHONEOS_DEPLOYMENT_TARGET = 10.3;
				MTL_ENABLE_DEBUG_INFO = NO;
				SDKROOT = iphoneos;
				SWIFT_OPTIMIZATION_LEVEL = "-Owholemodule";
				TARGETED_DEVICE_FAMILY = "1,2";
				VALIDATE_PRODUCT = YES;
			};
			name = Release;
		};
		95BDC6551F3AECD90053A07D /* Debug */ = {
			isa = XCBuildConfiguration;
			buildSettings = {
				ASSETCATALOG_COMPILER_APPICON_NAME = AppIcon;
				DEVELOPMENT_TEAM = 6K545KQZZG;
				INFOPLIST_FILE = "is it prime/Info.plist";
				LD_RUNPATH_SEARCH_PATHS = "$(inherited) @executable_path/Frameworks";
				PRODUCT_BUNDLE_IDENTIFIER = "com.example123.is-it-prime";
				PRODUCT_NAME = "$(TARGET_NAME)";
				SWIFT_VERSION = 3.0;
			};
			name = Debug;
		};
		95BDC6561F3AECD90053A07D /* Release */ = {
			isa = XCBuildConfiguration;
			buildSettings = {
				ASSETCATALOG_COMPILER_APPICON_NAME = AppIcon;
				DEVELOPMENT_TEAM = 6K545KQZZG;
				INFOPLIST_FILE = "is it prime/Info.plist";
				LD_RUNPATH_SEARCH_PATHS = "$(inherited) @executable_path/Frameworks";
				PRODUCT_BUNDLE_IDENTIFIER = "com.example123.is-it-prime";
				PRODUCT_NAME = "$(TARGET_NAME)";
				SWIFT_VERSION = 3.0;
			};
			name = Release;
		};
		95BDC6581F3AECD90053A07D /* Debug */ = {
			isa = XCBuildConfiguration;
			buildSettings = {
				ALWAYS_EMBED_SWIFT_STANDARD_LIBRARIES = YES;
				BUNDLE_LOADER = "$(TEST_HOST)";
				DEVELOPMENT_TEAM = 6K545KQZZG;
				INFOPLIST_FILE = "is it primeTests/Info.plist";
				LD_RUNPATH_SEARCH_PATHS = "$(inherited) @executable_path/Frameworks @loader_path/Frameworks";
				PRODUCT_BUNDLE_IDENTIFIER = "com.example123.is-it-primeTests";
				PRODUCT_NAME = "$(TARGET_NAME)";
				SWIFT_VERSION = 3.0;
				TEST_HOST = "$(BUILT_PRODUCTS_DIR)/is it prime.app/is it prime";
			};
			name = Debug;
		};
		95BDC6591F3AECD90053A07D /* Release */ = {
			isa = XCBuildConfiguration;
			buildSettings = {
				ALWAYS_EMBED_SWIFT_STANDARD_LIBRARIES = YES;
				BUNDLE_LOADER = "$(TEST_HOST)";
				DEVELOPMENT_TEAM = 6K545KQZZG;
				INFOPLIST_FILE = "is it primeTests/Info.plist";
				LD_RUNPATH_SEARCH_PATHS = "$(inherited) @executable_path/Frameworks @loader_path/Frameworks";
				PRODUCT_BUNDLE_IDENTIFIER = "com.example123.is-it-primeTests";
				PRODUCT_NAME = "$(TARGET_NAME)";
				SWIFT_VERSION = 3.0;
				TEST_HOST = "$(BUILT_PRODUCTS_DIR)/is it prime.app/is it prime";
			};
			name = Release;
		};
		95BDC65B1F3AECD90053A07D /* Debug */ = {
			isa = XCBuildConfiguration;
			buildSettings = {
				ALWAYS_EMBED_SWIFT_STANDARD_LIBRARIES = YES;
				DEVELOPMENT_TEAM = 6K545KQZZG;
				INFOPLIST_FILE = "is it primeUITests/Info.plist";
				LD_RUNPATH_SEARCH_PATHS = "$(inherited) @executable_path/Frameworks @loader_path/Frameworks";
				PRODUCT_BUNDLE_IDENTIFIER = "com.example123.is-it-primeUITests";
				PRODUCT_NAME = "$(TARGET_NAME)";
				SWIFT_VERSION = 3.0;
				TEST_TARGET_NAME = "is it prime";
			};
			name = Debug;
		};
		95BDC65C1F3AECD90053A07D /* Release */ = {
			isa = XCBuildConfiguration;
			buildSettings = {
				ALWAYS_EMBED_SWIFT_STANDARD_LIBRARIES = YES;
				DEVELOPMENT_TEAM = 6K545KQZZG;
				INFOPLIST_FILE = "is it primeUITests/Info.plist";
				LD_RUNPATH_SEARCH_PATHS = "$(inherited) @executable_path/Frameworks @loader_path/Frameworks";
				PRODUCT_BUNDLE_IDENTIFIER = "com.example123.is-it-primeUITests";
				PRODUCT_NAME = "$(TARGET_NAME)";
				SWIFT_VERSION = 3.0;
				TEST_TARGET_NAME = "is it prime";
			};
			name = Release;
		};
/* End XCBuildConfiguration section */

/* Begin XCConfigurationList section */
		95BDC6271F3AECD80053A07D /* Build configuration list for PBXProject "is it prime" */ = {
			isa = XCConfigurationList;
			buildConfigurations = (
				95BDC6521F3AECD90053A07D /* Debug */,
				95BDC6531F3AECD90053A07D /* Release */,
			);
			defaultConfigurationIsVisible = 0;
			defaultConfigurationName = Release;
		};
		95BDC6541F3AECD90053A07D /* Build configuration list for PBXNativeTarget "is it prime" */ = {
			isa = XCConfigurationList;
			buildConfigurations = (
				95BDC6551F3AECD90053A07D /* Debug */,
				95BDC6561F3AECD90053A07D /* Release */,
			);
			defaultConfigurationIsVisible = 0;
		};
		95BDC6571F3AECD90053A07D /* Build configuration list for PBXNativeTarget "is it primeTests" */ = {
			isa = XCConfigurationList;
			buildConfigurations = (
				95BDC6581F3AECD90053A07D /* Debug */,
				95BDC6591F3AECD90053A07D /* Release */,
			);
			defaultConfigurationIsVisible = 0;
		};
		95BDC65A1F3AECD90053A07D /* Build configuration list for PBXNativeTarget "is it primeUITests" */ = {
			isa = XCConfigurationList;
			buildConfigurations = (
				95BDC65B1F3AECD90053A07D /* Debug */,
				95BDC65C1F3AECD90053A07D /* Release */,
			);
			defaultConfigurationIsVisible = 0;
		};
/* End XCConfigurationList section */
	};
	rootObject = 95BDC6241F3AECD80053A07D /* Project object */;
}
